
Microsoft Visual Studio Solution File, Format Version 12.00
# Visual Studio Version 16
VisualStudioVersion = 16.0.29613.14
MinimumVisualStudioVersion = 10.0.40219.1
Project("{FAE04EC0-301F-11D3-BF4B-00C04F79EFBC}") = "ExchangeLesson", "ExchangeLesson\ExchangeLesson.csproj", "{ABF67A9F-4EBB-48B1-9977-3B3D3098342F}"
EndProject
Global
	GlobalSection(SolutionConfigurationPlatforms) = preSolution
		Debug|Any CPU = Debug|Any CPU
		Release|Any CPU = Release|Any CPU
	EndGlobalSection
	GlobalSection(ProjectConfigurationPlatforms) = postSolution
		{ABF67A9F-4EBB-48B1-9977-3B3D3098342F}.Debug|Any CPU.ActiveCfg = Debug|Any CPU
		{ABF67A9F-4EBB-48B1-9977-3B3D3098342F}.Debug|Any CPU.Build.0 = Debug|Any CPU
		{ABF67A9F-4EBB-48B1-9977-3B3D3098342F}.Release|Any CPU.ActiveCfg = Release|Any CPU
		{ABF67A9F-4EBB-48B1-9977-3B3D3098342F}.Release|Any CPU.Build.0 = Release|Any CPU
	EndGlobalSection
	GlobalSection(SolutionProperties) = preSolution
		HideSolutionNode = FALSE
	EndGlobalSection
	GlobalSection(ExtensibilityGlobals) = postSolution
		SolutionGuid = {6C6B5BA3-FC3F-4006-8268-1A3331BA0EDA}
	EndGlobalSection
EndGlobal
